
Microsoft Visual Studio Solution File, Format Version 12.00
# Visual Studio Version 17
VisualStudioVersion = 17.3.32922.545
MinimumVisualStudioVersion = 10.0.40219.1
Project("{FAE04EC0-301F-11D3-BF4B-00C04F79EFBC}") = "eTicket", "eTicket\eTicket.csproj", "{232F6D8F-C0E8-4116-9A29-FD86AF4CDC85}"
EndProject
Global
	GlobalSection(SolutionConfigurationPlatforms) = preSolution
		Debug|Any CPU = Debug|Any CPU
		Release|Any CPU = Release|Any CPU
	EndGlobalSection
	GlobalSection(ProjectConfigurationPlatforms) = postSolution
		{232F6D8F-C0E8-4116-9A29-FD86AF4CDC85}.Debug|Any CPU.ActiveCfg = Debug|Any CPU
		{232F6D8F-C0E8-4116-9A29-FD86AF4CDC85}.Debug|Any CPU.Build.0 = Debug|Any CPU
		{232F6D8F-C0E8-4116-9A29-FD86AF4CDC85}.Release|Any CPU.ActiveCfg = Release|Any CPU
		{232F6D8F-C0E8-4116-9A29-FD86AF4CDC85}.Release|Any CPU.Build.0 = Release|Any CPU
	EndGlobalSection
	GlobalSection(SolutionProperties) = preSolution
		HideSolutionNode = FALSE
	EndGlobalSection
	GlobalSection(ExtensibilityGlobals) = postSolution
		SolutionGuid = {299ADE20-3DCC-412C-859A-3096F5D55814}
	EndGlobalSection
EndGlobal
